
Microsoft Visual Studio Solution File, Format Version 12.00
# Visual Studio 15
VisualStudioVersion = 15.0.27130.2036
MinimumVisualStudioVersion = 10.0.40219.1
Project("{FAE04EC0-301F-11D3-BF4B-00C04F79EFBC}") = "JWT Web Api", "JWT Web Api\JWT Web Api.csproj", "{E5963B86-6A37-4DC7-99E0-20B1DA60414E}"
EndProject
Global
	GlobalSection(SolutionConfigurationPlatforms) = preSolution
		Debug|Any CPU = Debug|Any CPU
		Release|Any CPU = Release|Any CPU
	EndGlobalSection
	GlobalSection(ProjectConfigurationPlatforms) = postSolution
		{E5963B86-6A37-4DC7-99E0-20B1DA60414E}.Debug|Any CPU.ActiveCfg = Debug|Any CPU
		{E5963B86-6A37-4DC7-99E0-20B1DA60414E}.Debug|Any CPU.Build.0 = Debug|Any CPU
		{E5963B86-6A37-4DC7-99E0-20B1DA60414E}.Release|Any CPU.ActiveCfg = Release|Any CPU
		{E5963B86-6A37-4DC7-99E0-20B1DA60414E}.Release|Any CPU.Build.0 = Release|Any CPU
	EndGlobalSection
	GlobalSection(SolutionProperties) = preSolution
		HideSolutionNode = FALSE
	EndGlobalSection
	GlobalSection(ExtensibilityGlobals) = postSolution
		SolutionGuid = {2CA23052-CAEF-4095-A3BE-B0F3DDB5BDDD}
	EndGlobalSection
EndGlobal
